
Microsoft Visual Studio Solution File, Format Version 12.00
# Visual Studio Version 17
VisualStudioVersion = 17.1.32210.238
MinimumVisualStudioVersion = 10.0.40219.1
Project("{FAE04EC0-301F-11D3-BF4B-00C04F79EFBC}") = "Day6LogicalPrograms", "Day6LogicalPrograms.csproj", "{DDDB8C87-A398-481B-AA0F-9233CDBA3BFC}"
EndProject
Global
	GlobalSection(SolutionConfigurationPlatforms) = preSolution
		Debug|Any CPU = Debug|Any CPU
		Release|Any CPU = Release|Any CPU
	EndGlobalSection
	GlobalSection(ProjectConfigurationPlatforms) = postSolution
		{DDDB8C87-A398-481B-AA0F-9233CDBA3BFC}.Debug|Any CPU.ActiveCfg = Debug|Any CPU
		{DDDB8C87-A398-481B-AA0F-9233CDBA3BFC}.Debug|Any CPU.Build.0 = Debug|Any CPU
		{DDDB8C87-A398-481B-AA0F-9233CDBA3BFC}.Release|Any CPU.ActiveCfg = Release|Any CPU
		{DDDB8C87-A398-481B-AA0F-9233CDBA3BFC}.Release|Any CPU.Build.0 = Release|Any CPU
	EndGlobalSection
	GlobalSection(SolutionProperties) = preSolution
		HideSolutionNode = FALSE
	EndGlobalSection
	GlobalSection(ExtensibilityGlobals) = postSolution
		SolutionGuid = {346F9C4F-886D-4821-BDC2-202EC8822D50}
	EndGlobalSection
EndGlobal
